
Microsoft Visual Studio Solution File, Format Version 12.00
# Visual Studio Version 17
VisualStudioVersion = 17.4.33205.214
MinimumVisualStudioVersion = 10.0.40219.1
Project("{FAE04EC0-301F-11D3-BF4B-00C04F79EFBC}") = "CardsAPI", "CardsAPI\CardsAPI.csproj", "{428282D4-4538-40DE-B017-50F74D66E5C9}"
EndProject
Global
	GlobalSection(SolutionConfigurationPlatforms) = preSolution
		Debug|Any CPU = Debug|Any CPU
		Release|Any CPU = Release|Any CPU
	EndGlobalSection
	GlobalSection(ProjectConfigurationPlatforms) = postSolution
		{428282D4-4538-40DE-B017-50F74D66E5C9}.Debug|Any CPU.ActiveCfg = Debug|Any CPU
		{428282D4-4538-40DE-B017-50F74D66E5C9}.Debug|Any CPU.Build.0 = Debug|Any CPU
		{428282D4-4538-40DE-B017-50F74D66E5C9}.Release|Any CPU.ActiveCfg = Release|Any CPU
		{428282D4-4538-40DE-B017-50F74D66E5C9}.Release|Any CPU.Build.0 = Release|Any CPU
	EndGlobalSection
	GlobalSection(SolutionProperties) = preSolution
		HideSolutionNode = FALSE
	EndGlobalSection
	GlobalSection(ExtensibilityGlobals) = postSolution
		SolutionGuid = {921E1FF8-1512-409C-A862-87CD14087E79}
	EndGlobalSection
EndGlobal
